
Microsoft Visual Studio Solution File, Format Version 12.00
# Visual Studio Version 17
VisualStudioVersion = 17.13.35913.81
MinimumVisualStudioVersion = 10.0.40219.1
Project("{FAE04EC0-301F-11D3-BF4B-00C04F79EFBC}") = "AR Glasses Backend", "AR Glasses Backend.csproj", "{4AC4EF9F-840E-4388-B773-398EA7ABBC50}"
EndProject
Project("{FAE04EC0-301F-11D3-BF4B-00C04F79EFBC}") = "Data", "..\Data\Data.csproj", "{7839D947-BE04-4EDA-8BFA-ADAFEBA0DFB1}"
EndProject
Project("{FAE04EC0-301F-11D3-BF4B-00C04F79EFBC}") = "Models", "..\Model\Models.csproj", "{8C1316CA-88A3-4771-81E0-49C7BE605154}"
EndProject
Global
	GlobalSection(SolutionConfigurationPlatforms) = preSolution
		Debug|Any CPU = Debug|Any CPU
		Release|Any CPU = Release|Any CPU
	EndGlobalSection
	GlobalSection(ProjectConfigurationPlatforms) = postSolution
		{4AC4EF9F-840E-4388-B773-398EA7ABBC50}.Debug|Any CPU.ActiveCfg = Debug|Any CPU
		{4AC4EF9F-840E-4388-B773-398EA7ABBC50}.Debug|Any CPU.Build.0 = Debug|Any CPU
		{4AC4EF9F-840E-4388-B773-398EA7ABBC50}.Release|Any CPU.ActiveCfg = Release|Any CPU
		{4AC4EF9F-840E-4388-B773-398EA7ABBC50}.Release|Any CPU.Build.0 = Release|Any CPU
		{7839D947-BE04-4EDA-8BFA-ADAFEBA0DFB1}.Debug|Any CPU.ActiveCfg = Debug|Any CPU
		{7839D947-BE04-4EDA-8BFA-ADAFEBA0DFB1}.Debug|Any CPU.Build.0 = Debug|Any CPU
		{7839D947-BE04-4EDA-8BFA-ADAFEBA0DFB1}.Release|Any CPU.ActiveCfg = Release|Any CPU
		{7839D947-BE04-4EDA-8BFA-ADAFEBA0DFB1}.Release|Any CPU.Build.0 = Release|Any CPU
		{8C1316CA-88A3-4771-81E0-49C7BE605154}.Debug|Any CPU.ActiveCfg = Debug|Any CPU
		{8C1316CA-88A3-4771-81E0-49C7BE605154}.Debug|Any CPU.Build.0 = Debug|Any CPU
		{8C1316CA-88A3-4771-81E0-49C7BE605154}.Release|Any CPU.ActiveCfg = Release|Any CPU
		{8C1316CA-88A3-4771-81E0-49C7BE605154}.Release|Any CPU.Build.0 = Release|Any CPU
	EndGlobalSection
	GlobalSection(SolutionProperties) = preSolution
		HideSolutionNode = FALSE
	EndGlobalSection
	GlobalSection(ExtensibilityGlobals) = postSolution
		SolutionGuid = {A8F02A95-155A-4764-93EB-A145712A345C}
	EndGlobalSection
EndGlobal
